
Microsoft Visual Studio Solution File, Format Version 12.00
# Visual Studio 15
VisualStudioVersion = 15.0.28307.168
MinimumVisualStudioVersion = 10.0.40219.1
Project("{FAE04EC0-301F-11D3-BF4B-00C04F79EFBC}") = "SetupCreator", "SetupCreator\SetupCreator.csproj", "{FF083B55-E568-4893-AE9B-47EBAA1CACED}"
EndProject
Project("{FAE04EC0-301F-11D3-BF4B-00C04F79EFBC}") = "GeneratedSetup", "GeneratedSetup\GeneratedSetup.csproj", "{D4BE0DF7-336B-41B7-BEB5-85A1FD5C7E90}"
EndProject
Global
	GlobalSection(SolutionConfigurationPlatforms) = preSolution
		Debug|Any CPU = Debug|Any CPU
		Release|Any CPU = Release|Any CPU
	EndGlobalSection
	GlobalSection(ProjectConfigurationPlatforms) = postSolution
		{FF083B55-E568-4893-AE9B-47EBAA1CACED}.Debug|Any CPU.ActiveCfg = Debug|Any CPU
		{FF083B55-E568-4893-AE9B-47EBAA1CACED}.Debug|Any CPU.Build.0 = Debug|Any CPU
		{FF083B55-E568-4893-AE9B-47EBAA1CACED}.Release|Any CPU.ActiveCfg = Release|Any CPU
		{FF083B55-E568-4893-AE9B-47EBAA1CACED}.Release|Any CPU.Build.0 = Release|Any CPU
		{D4BE0DF7-336B-41B7-BEB5-85A1FD5C7E90}.Debug|Any CPU.ActiveCfg = Debug|Any CPU
		{D4BE0DF7-336B-41B7-BEB5-85A1FD5C7E90}.Debug|Any CPU.Build.0 = Debug|Any CPU
		{D4BE0DF7-336B-41B7-BEB5-85A1FD5C7E90}.Release|Any CPU.ActiveCfg = Release|Any CPU
		{D4BE0DF7-336B-41B7-BEB5-85A1FD5C7E90}.Release|Any CPU.Build.0 = Release|Any CPU
	EndGlobalSection
	GlobalSection(SolutionProperties) = preSolution
		HideSolutionNode = FALSE
	EndGlobalSection
	GlobalSection(ExtensibilityGlobals) = postSolution
		SolutionGuid = {D5964517-50F6-4963-883B-68225139F5F1}
	EndGlobalSection
EndGlobal
